
Microsoft Visual Studio Solution File, Format Version 12.00
# Visual Studio Version 16
VisualStudioVersion = 16.0.30128.74
MinimumVisualStudioVersion = 10.0.40219.1
Project("{FAE04EC0-301F-11D3-BF4B-00C04F79EFBC}") = "HelloWorldFunction", "HelloWorldFunction\HelloWorldFunction.csproj", "{D4895F1C-2623-4595-9275-17F0B3BD37CC}"
EndProject
Global
	GlobalSection(SolutionConfigurationPlatforms) = preSolution
		Debug|Any CPU = Debug|Any CPU
		Release|Any CPU = Release|Any CPU
	EndGlobalSection
	GlobalSection(ProjectConfigurationPlatforms) = postSolution
		{D4895F1C-2623-4595-9275-17F0B3BD37CC}.Debug|Any CPU.ActiveCfg = Debug|Any CPU
		{D4895F1C-2623-4595-9275-17F0B3BD37CC}.Debug|Any CPU.Build.0 = Debug|Any CPU
		{D4895F1C-2623-4595-9275-17F0B3BD37CC}.Release|Any CPU.ActiveCfg = Release|Any CPU
		{D4895F1C-2623-4595-9275-17F0B3BD37CC}.Release|Any CPU.Build.0 = Release|Any CPU
	EndGlobalSection
	GlobalSection(SolutionProperties) = preSolution
		HideSolutionNode = FALSE
	EndGlobalSection
	GlobalSection(ExtensibilityGlobals) = postSolution
		SolutionGuid = {A4F0FCDE-E16F-4AA1-B0BC-DE507F9B9D9D}
	EndGlobalSection
EndGlobal
